
Microsoft Visual Studio Solution File, Format Version 12.00
# Visual Studio 15
VisualStudioVersion = 15.0.28307.1738
MinimumVisualStudioVersion = 10.0.40219.1
Project("{9A19103F-16F7-4668-BE54-9A1E7A4F7556}") = "SnapShot_Discord_Bot", "SnapShot Discord Bot\SnapShot_Discord_Bot.csproj", "{C2DDA979-AE6C-4B2C-BBC7-9D462176F52E}"
EndProject
Global
	GlobalSection(SolutionConfigurationPlatforms) = preSolution
		Debug|Any CPU = Debug|Any CPU
		Release|Any CPU = Release|Any CPU
	EndGlobalSection
	GlobalSection(ProjectConfigurationPlatforms) = postSolution
		{C2DDA979-AE6C-4B2C-BBC7-9D462176F52E}.Debug|Any CPU.ActiveCfg = Debug|Any CPU
		{C2DDA979-AE6C-4B2C-BBC7-9D462176F52E}.Debug|Any CPU.Build.0 = Debug|Any CPU
		{C2DDA979-AE6C-4B2C-BBC7-9D462176F52E}.Release|Any CPU.ActiveCfg = Release|Any CPU
		{C2DDA979-AE6C-4B2C-BBC7-9D462176F52E}.Release|Any CPU.Build.0 = Release|Any CPU
	EndGlobalSection
	GlobalSection(SolutionProperties) = preSolution
		HideSolutionNode = FALSE
	EndGlobalSection
	GlobalSection(ExtensibilityGlobals) = postSolution
		SolutionGuid = {639C0676-9037-4B77-9341-934E447767F7}
	EndGlobalSection
EndGlobal
